
Microsoft Visual Studio Solution File, Format Version 12.00
# Visual Studio Version 16
VisualStudioVersion = 16.0.29613.14
MinimumVisualStudioVersion = 10.0.40219.1
Project("{FAE04EC0-301F-11D3-BF4B-00C04F79EFBC}") = "Test", "Test\Test.csproj", "{0825C37A-8174-407F-996E-3682665A3AFB}"
EndProject
Global
	GlobalSection(SolutionConfigurationPlatforms) = preSolution
		Debug|Any CPU = Debug|Any CPU
		Release|Any CPU = Release|Any CPU
	EndGlobalSection
	GlobalSection(ProjectConfigurationPlatforms) = postSolution
		{0825C37A-8174-407F-996E-3682665A3AFB}.Debug|Any CPU.ActiveCfg = Debug|Any CPU
		{0825C37A-8174-407F-996E-3682665A3AFB}.Debug|Any CPU.Build.0 = Debug|Any CPU
		{0825C37A-8174-407F-996E-3682665A3AFB}.Release|Any CPU.ActiveCfg = Release|Any CPU
		{0825C37A-8174-407F-996E-3682665A3AFB}.Release|Any CPU.Build.0 = Release|Any CPU
	EndGlobalSection
	GlobalSection(SolutionProperties) = preSolution
		HideSolutionNode = FALSE
	EndGlobalSection
	GlobalSection(ExtensibilityGlobals) = postSolution
		SolutionGuid = {D4F0E662-7F00-414E-B2E8-68B3E5715527}
	EndGlobalSection
EndGlobal
